{
  "requires": true,
  "lockfileVersion": 1,
  "dependencies": {
    "jquery-csv": {
      "version": "1.0.5",
      "resolved": "https://registry.npmjs.org/jquery-csv/-/jquery-csv-1.0.5.tgz",
      "integrity": "sha512-OPn6Laqng6n23WBTZdQM9EmHgqg3q97ViOa5Eav5pScx9L5v2O6ODzjQzD9pleetWSuI8mSLTtyytNgeMFm3bA=="
    },
    "papaparse": {
      "version": "5.1.0",
      "resolved": "https://registry.npmjs.org/papaparse/-/papaparse-5.1.0.tgz",
      "integrity": "sha512-3jEYMiCc8qN7V5ffi2BTS2mRauKxCu5AIED6DxbjnHhIm7OY7fzKYkndfPlHWaaKUDCTml5XTU6V+hiuxGlZuw=="
    }
  }
}
